{
  "name": "server-manager",
  "version": "1.0.0",
  "lockfileVersion": 1,
  "requires": true,
  "dependencies": {
    "easy-bar": {
      "version": "1.0.0",
      "resolved": "https://registry.npmjs.org/easy-bar/-/easy-bar-1.0.0.tgz",
      "integrity": "sha512-G9AmMbPBlYRZXiNcVzNl6EvAa1MclVSLPNPvYNJtC1F3q2Rq4DSj8di5mYS5r+WCTu4wvx/Qj7QH78wWjsQBHA=="
    },
    "vue-router": {
      "version": "3.0.1",
      "resolved": "https://registry.npmjs.org/vue-router/-/vue-router-3.0.1.tgz",
      "integrity": "sha512-vLLoY452L+JBpALMP5UHum9+7nzR9PeIBCghU9ZtJ1eWm6ieUI8Zb/DI3MYxH32bxkjzYV1LRjNv4qr8d+uX/w=="
    },
    "ybao-page-manager": {
      "version": "1.0.1",
      "resolved": "https://registry.npmjs.org/ybao-page-manager/-/ybao-page-manager-1.0.1.tgz",
      "integrity": "sha512-MWwwrvCHQWfgRgLUFvPEcch7FElx/sox44/FjLhWuo7DfVV+yNxhMiZT8x2Lsp743FvDlJDvFYg3L0ScYT+uWA==",
      "requires": {
        "vue-router": "3.0.1"
      }
    }
  }
}
